
Microsoft Visual Studio Solution File, Format Version 12.00
# Visual Studio Version 17
VisualStudioVersion = 17.10.35027.167
MinimumVisualStudioVersion = 10.0.40219.1
Project("{FAE04EC0-301F-11D3-BF4B-00C04F79EFBC}") = "WebApi", "WebApi\WebApi.csproj", "{4C92B4D2-ED8B-4223-A3EF-537815AE57A2}"
EndProject
Project("{FAE04EC0-301F-11D3-BF4B-00C04F79EFBC}") = "Business", "Business\Business.csproj", "{1BD7E95D-BD94-4EA1-BB4D-7075BCC4CB5E}"
EndProject
Project("{FAE04EC0-301F-11D3-BF4B-00C04F79EFBC}") = "DataAccess", "DataAccess\DataAccess.csproj", "{285B2A2F-A7F3-431D-918E-EAF7AA113D8C}"
EndProject
Global
	GlobalSection(SolutionConfigurationPlatforms) = preSolution
		Debug|Any CPU = Debug|Any CPU
		Release|Any CPU = Release|Any CPU
	EndGlobalSection
	GlobalSection(ProjectConfigurationPlatforms) = postSolution
		{4C92B4D2-ED8B-4223-A3EF-537815AE57A2}.Debug|Any CPU.ActiveCfg = Debug|Any CPU
		{4C92B4D2-ED8B-4223-A3EF-537815AE57A2}.Debug|Any CPU.Build.0 = Debug|Any CPU
		{4C92B4D2-ED8B-4223-A3EF-537815AE57A2}.Release|Any CPU.ActiveCfg = Release|Any CPU
		{4C92B4D2-ED8B-4223-A3EF-537815AE57A2}.Release|Any CPU.Build.0 = Release|Any CPU
		{1BD7E95D-BD94-4EA1-BB4D-7075BCC4CB5E}.Debug|Any CPU.ActiveCfg = Debug|Any CPU
		{1BD7E95D-BD94-4EA1-BB4D-7075BCC4CB5E}.Debug|Any CPU.Build.0 = Debug|Any CPU
		{1BD7E95D-BD94-4EA1-BB4D-7075BCC4CB5E}.Release|Any CPU.ActiveCfg = Release|Any CPU
		{1BD7E95D-BD94-4EA1-BB4D-7075BCC4CB5E}.Release|Any CPU.Build.0 = Release|Any CPU
		{285B2A2F-A7F3-431D-918E-EAF7AA113D8C}.Debug|Any CPU.ActiveCfg = Debug|Any CPU
		{285B2A2F-A7F3-431D-918E-EAF7AA113D8C}.Debug|Any CPU.Build.0 = Debug|Any CPU
		{285B2A2F-A7F3-431D-918E-EAF7AA113D8C}.Release|Any CPU.ActiveCfg = Release|Any CPU
		{285B2A2F-A7F3-431D-918E-EAF7AA113D8C}.Release|Any CPU.Build.0 = Release|Any CPU
	EndGlobalSection
	GlobalSection(SolutionProperties) = preSolution
		HideSolutionNode = FALSE
	EndGlobalSection
	GlobalSection(ExtensibilityGlobals) = postSolution
		SolutionGuid = {B89C7785-CAEA-4C19-A14E-0EC9CC79861F}
	EndGlobalSection
EndGlobal
